// !$*UTF8*$!
{
	archiveVersion = 1;
	classes = {
	};
	objectVersion = 50;
	objects = {

/* Begin PBXBuildFile section */
		5EF46B1B273ECB320093EDC8 /* AppDelegate.swift in Sources */ = {isa = PBXBuildFile; fileRef = 5EF46B1A273ECB320093EDC8 /* AppDelegate.swift */; };
		5EF46B1D273ECB320093EDC8 /* SceneDelegate.swift in Sources */ = {isa = PBXBuildFile; fileRef = 5EF46B1C273ECB320093EDC8 /* SceneDelegate.swift */; };
		5EF46B1F273ECB320093EDC8 /* ContentView.swift in Sources */ = {isa = PBXBuildFile; fileRef = 5EF46B1E273ECB320093EDC8 /* ContentView.swift */; };
		5EF46B21273ECB330093EDC8 /* Assets.xcassets in Resources */ = {isa = PBXBuildFile; fileRef = 5EF46B20273ECB330093EDC8 /* Assets.xcassets */; };
		5EF46B24273ECB330093EDC8 /* Preview Assets.xcassets in Resources */ = {isa = PBXBuildFile; fileRef = 5EF46B23273ECB330093EDC8 /* Preview Assets.xcassets */; };
		5EF46B27273ECB330093EDC8 /* LaunchScreen.storyboard in Resources */ = {isa = PBXBuildFile; fileRef = 5EF46B25273ECB330093EDC8 /* LaunchScreen.storyboard */; };
		CB315B4A2A08F6E200F7BB47 /* SoundHelix-Song-2.mp3 in Resources */ = {isa = PBXBuildFile; fileRef = CB315B472A08F6E200F7BB47 /* SoundHelix-Song-2.mp3 */; };
		CB315B4B2A08F6E200F7BB47 /* helix_song.mp3 in Resources */ = {isa = PBXBuildFile; fileRef = CB315B482A08F6E200F7BB47 /* helix_song.mp3 */; };
		CB315B4C2A08F6E200F7BB47 /* SoundHelix-Song-3.mp3 in Resources */ = {isa = PBXBuildFile; fileRef = CB315B492A08F6E200F7BB47 /* SoundHelix-Song-3.mp3 */; };
		CB315B4E2A08F9CA00F7BB47 /* emergency_evacuation.mp3 in Resources */ = {isa = PBXBuildFile; fileRef = CB315B4D2A08F9C900F7BB47 /* emergency_evacuation.mp3 */; };
		CB315B5B2A09163200F7BB47 /* namkikn.gpx in Resources */ = {isa = PBXBuildFile; fileRef = CB315B5A2A09163200F7BB47 /* namkikn.gpx */; };
		CB315B5D2A09164000F7BB47 /* nhatho.gpx in Resources */ = {isa = PBXBuildFile; fileRef = CB315B5C2A09164000F7BB47 /* nhatho.gpx */; };
		CB315B5E2A09164600F7BB47 /* vothisau.gpx in Resources */ = {isa = PBXBuildFile; fileRef = CB315B592A09162200F7BB47 /* vothisau.gpx */; };
		CB315B5F2A09164900F7BB47 /* thap.gpx in Resources */ = {isa = PBXBuildFile; fileRef = CB315B582A09161300F7BB47 /* thap.gpx */; };
		CB315B602A09164C00F7BB47 /* cau.gpx in Resources */ = {isa = PBXBuildFile; fileRef = CB315B572A090BFF00F7BB47 /* cau.gpx */; };
		CB315B612A09164F00F7BB47 /* ctycu.gpx in Resources */ = {isa = PBXBuildFile; fileRef = CB315B442A08F25400F7BB47 /* ctycu.gpx */; };
		CB315B622A09165300F7BB47 /* dauduong.gpx in Resources */ = {isa = PBXBuildFile; fileRef = CB315B422A08F25400F7BB47 /* dauduong.gpx */; };
		CB315B632A09165500F7BB47 /* hangxanh.gpx in Resources */ = {isa = PBXBuildFile; fileRef = CB315B3F2A08F25300F7BB47 /* hangxanh.gpx */; };
		CB315B642A09165800F7BB47 /* Home.gpx in Resources */ = {isa = PBXBuildFile; fileRef = CB315B412A08F25400F7BB47 /* Home.gpx */; };
		CB315B652A09165C00F7BB47 /* nhc.gpx in Resources */ = {isa = PBXBuildFile; fileRef = CB315B3E2A08F25300F7BB47 /* nhc.gpx */; };
/* End PBXBuildFile section */

/* Begin PBXFileReference section */
		5EF46B17273ECB320093EDC8 /* RegoinMonitor.app */ = {isa = PBXFileReference; explicitFileType = wrapper.application; includeInIndex = 0; path = RegoinMonitor.app; sourceTree = BUILT_PRODUCTS_DIR; };
		5EF46B1A273ECB320093EDC8 /* AppDelegate.swift */ = {isa = PBXFileReference; lastKnownFileType = sourcecode.swift; path = AppDelegate.swift; sourceTree = "<group>"; };
		5EF46B1C273ECB320093EDC8 /* SceneDelegate.swift */ = {isa = PBXFileReference; lastKnownFileType = sourcecode.swift; path = SceneDelegate.swift; sourceTree = "<group>"; };
		5EF46B1E273ECB320093EDC8 /* ContentView.swift */ = {isa = PBXFileReference; lastKnownFileType = sourcecode.swift; path = ContentView.swift; sourceTree = "<group>"; };
		5EF46B20273ECB330093EDC8 /* Assets.xcassets */ = {isa = PBXFileReference; lastKnownFileType = folder.assetcatalog; path = Assets.xcassets; sourceTree = "<group>"; };
		5EF46B23273ECB330093EDC8 /* Preview Assets.xcassets */ = {isa = PBXFileReference; lastKnownFileType = folder.assetcatalog; path = "Preview Assets.xcassets"; sourceTree = "<group>"; };
		5EF46B26273ECB330093EDC8 /* Base */ = {isa = PBXFileReference; lastKnownFileType = file.storyboard; name = Base; path = Base.lproj/LaunchScreen.storyboard; sourceTree = "<group>"; };
		5EF46B28273ECB330093EDC8 /* Info.plist */ = {isa = PBXFileReference; lastKnownFileType = text.plist.xml; path = Info.plist; sourceTree = "<group>"; };
		CB315B3E2A08F25300F7BB47 /* nhc.gpx */ = {isa = PBXFileReference; lastKnownFileType = text.xml; name = nhc.gpx; path = RegoinMonitor/nhc.gpx; sourceTree = "<group>"; };
		CB315B3F2A08F25300F7BB47 /* hangxanh.gpx */ = {isa = PBXFileReference; lastKnownFileType = text.xml; name = hangxanh.gpx; path = RegoinMonitor/hangxanh.gpx; sourceTree = "<group>"; };
		CB315B412A08F25400F7BB47 /* Home.gpx */ = {isa = PBXFileReference; lastKnownFileType = text.xml; name = Home.gpx; path = RegoinMonitor/Home.gpx; sourceTree = "<group>"; };
		CB315B422A08F25400F7BB47 /* dauduong.gpx */ = {isa = PBXFileReference; lastKnownFileType = text.xml; name = dauduong.gpx; path = RegoinMonitor/dauduong.gpx; sourceTree = "<group>"; };
		CB315B442A08F25400F7BB47 /* ctycu.gpx */ = {isa = PBXFileReference; lastKnownFileType = text.xml; name = ctycu.gpx; path = RegoinMonitor/ctycu.gpx; sourceTree = "<group>"; };
		CB315B472A08F6E200F7BB47 /* SoundHelix-Song-2.mp3 */ = {isa = PBXFileReference; lastKnownFileType = audio.mp3; path = "SoundHelix-Song-2.mp3"; sourceTree = "<group>"; };
		CB315B482A08F6E200F7BB47 /* helix_song.mp3 */ = {isa = PBXFileReference; lastKnownFileType = audio.mp3; path = helix_song.mp3; sourceTree = "<group>"; };
		CB315B492A08F6E200F7BB47 /* SoundHelix-Song-3.mp3 */ = {isa = PBXFileReference; lastKnownFileType = audio.mp3; path = "SoundHelix-Song-3.mp3"; sourceTree = "<group>"; };
		CB315B4D2A08F9C900F7BB47 /* emergency_evacuation.mp3 */ = {isa = PBXFileReference; lastKnownFileType = audio.mp3; path = emergency_evacuation.mp3; sourceTree = "<group>"; };
		CB315B572A090BFF00F7BB47 /* cau.gpx */ = {isa = PBXFileReference; lastKnownFileType = text.xml; name = cau.gpx; path = RegoinMonitor/cau.gpx; sourceTree = "<group>"; };
		CB315B582A09161300F7BB47 /* thap.gpx */ = {isa = PBXFileReference; lastKnownFileType = text.xml; path = thap.gpx; sourceTree = "<group>"; };
		CB315B592A09162200F7BB47 /* vothisau.gpx */ = {isa = PBXFileReference; lastKnownFileType = text.xml; path = vothisau.gpx; sourceTree = "<group>"; };
		CB315B5A2A09163200F7BB47 /* namkikn.gpx */ = {isa = PBXFileReference; lastKnownFileType = text.xml; path = namkikn.gpx; sourceTree = "<group>"; };
		CB315B5C2A09164000F7BB47 /* nhatho.gpx */ = {isa = PBXFileReference; lastKnownFileType = text.xml; path = nhatho.gpx; sourceTree = "<group>"; };
/* End PBXFileReference section */

/* Begin PBXFrameworksBuildPhase section */
		5EF46B14273ECB320093EDC8 /* Frameworks */ = {
			isa = PBXFrameworksBuildPhase;
			buildActionMask = 2147483647;
			files = (
			);
			runOnlyForDeploymentPostprocessing = 0;
		};
/* End PBXFrameworksBuildPhase section */

/* Begin PBXGroup section */
		5EF46B0E273ECB320093EDC8 = {
			isa = PBXGroup;
			children = (
				CB315B5C2A09164000F7BB47 /* nhatho.gpx */,
				CB315B5A2A09163200F7BB47 /* namkikn.gpx */,
				CB315B592A09162200F7BB47 /* vothisau.gpx */,
				CB315B582A09161300F7BB47 /* thap.gpx */,
				CB315B572A090BFF00F7BB47 /* cau.gpx */,
				CB315B442A08F25400F7BB47 /* ctycu.gpx */,
				CB315B422A08F25400F7BB47 /* dauduong.gpx */,
				CB315B3F2A08F25300F7BB47 /* hangxanh.gpx */,
				CB315B412A08F25400F7BB47 /* Home.gpx */,
				CB315B3E2A08F25300F7BB47 /* nhc.gpx */,
				5EF46B19273ECB320093EDC8 /* RegoinMonitor */,
				5EF46B18273ECB320093EDC8 /* Products */,
			);
			sourceTree = "<group>";
		};
		5EF46B18273ECB320093EDC8 /* Products */ = {
			isa = PBXGroup;
			children = (
				5EF46B17273ECB320093EDC8 /* RegoinMonitor.app */,
			);
			name = Products;
			sourceTree = "<group>";
		};
		5EF46B19273ECB320093EDC8 /* RegoinMonitor */ = {
			isa = PBXGroup;
			children = (
				CB315B462A08F61200F7BB47 /* sound */,
				5EF46B1A273ECB320093EDC8 /* AppDelegate.swift */,
				5EF46B1C273ECB320093EDC8 /* SceneDelegate.swift */,
				5EF46B1E273ECB320093EDC8 /* ContentView.swift */,
				5EF46B20273ECB330093EDC8 /* Assets.xcassets */,
				5EF46B25273ECB330093EDC8 /* LaunchScreen.storyboard */,
				5EF46B28273ECB330093EDC8 /* Info.plist */,
				5EF46B22273ECB330093EDC8 /* Preview Content */,
			);
			path = RegoinMonitor;
			sourceTree = "<group>";
		};
		5EF46B22273ECB330093EDC8 /* Preview Content */ = {
			isa = PBXGroup;
			children = (
				5EF46B23273ECB330093EDC8 /* Preview Assets.xcassets */,
			);
			path = "Preview Content";
			sourceTree = "<group>";
		};
		CB315B462A08F61200F7BB47 /* sound */ = {
			isa = PBXGroup;
			children = (
				CB315B482A08F6E200F7BB47 /* helix_song.mp3 */,
				CB315B4D2A08F9C900F7BB47 /* emergency_evacuation.mp3 */,
				CB315B472A08F6E200F7BB47 /* SoundHelix-Song-2.mp3 */,
				CB315B492A08F6E200F7BB47 /* SoundHelix-Song-3.mp3 */,
			);
			path = sound;
			sourceTree = "<group>";
		};
/* End PBXGroup section */

/* Begin PBXNativeTarget section */
		5EF46B16273ECB320093EDC8 /* RegoinMonitor */ = {
			isa = PBXNativeTarget;
			buildConfigurationList = 5EF46B2B273ECB330093EDC8 /* Build configuration list for PBXNativeTarget "RegoinMonitor" */;
			buildPhases = (
				5EF46B13273ECB320093EDC8 /* Sources */,
				5EF46B14273ECB320093EDC8 /* Frameworks */,
				5EF46B15273ECB320093EDC8 /* Resources */,
			);
			buildRules = (
			);
			dependencies = (
			);
			name = RegoinMonitor;
			productName = RegoinMonitor;
			productReference = 5EF46B17273ECB320093EDC8 /* RegoinMonitor.app */;
			productType = "com.apple.product-type.application";
		};
/* End PBXNativeTarget section */

/* Begin PBXProject section */
		5EF46B0F273ECB320093EDC8 /* Project object */ = {
			isa = PBXProject;
			attributes = {
				LastSwiftUpdateCheck = 1220;
				LastUpgradeCheck = 1220;
				TargetAttributes = {
					5EF46B16273ECB320093EDC8 = {
						CreatedOnToolsVersion = 12.2;
					};
				};
			};
			buildConfigurationList = 5EF46B12273ECB320093EDC8 /* Build configuration list for PBXProject "RegoinMonitor" */;
			compatibilityVersion = "Xcode 9.3";
			developmentRegion = en;
			hasScannedForEncodings = 0;
			knownRegions = (
				en,
				Base,
			);
			mainGroup = 5EF46B0E273ECB320093EDC8;
			productRefGroup = 5EF46B18273ECB320093EDC8 /* Products */;
			projectDirPath = "";
			projectRoot = "";
			targets = (
				5EF46B16273ECB320093EDC8 /* RegoinMonitor */,
			);
		};
/* End PBXProject section */

/* Begin PBXResourcesBuildPhase section */
		5EF46B15273ECB320093EDC8 /* Resources */ = {
			isa = PBXResourcesBuildPhase;
			buildActionMask = 2147483647;
			files = (
				5EF46B27273ECB330093EDC8 /* LaunchScreen.storyboard in Resources */,
				CB315B632A09165500F7BB47 /* hangxanh.gpx in Resources */,
				CB315B5B2A09163200F7BB47 /* namkikn.gpx in Resources */,
				CB315B4A2A08F6E200F7BB47 /* SoundHelix-Song-2.mp3 in Resources */,
				CB315B5D2A09164000F7BB47 /* nhatho.gpx in Resources */,
				CB315B4C2A08F6E200F7BB47 /* SoundHelix-Song-3.mp3 in Resources */,
				CB315B612A09164F00F7BB47 /* ctycu.gpx in Resources */,
				5EF46B24273ECB330093EDC8 /* Preview Assets.xcassets in Resources */,
				CB315B4E2A08F9CA00F7BB47 /* emergency_evacuation.mp3 in Resources */,
				CB315B4B2A08F6E200F7BB47 /* helix_song.mp3 in Resources */,
				CB315B5E2A09164600F7BB47 /* vothisau.gpx in Resources */,
				CB315B602A09164C00F7BB47 /* cau.gpx in Resources */,
				CB315B5F2A09164900F7BB47 /* thap.gpx in Resources */,
				CB315B622A09165300F7BB47 /* dauduong.gpx in Resources */,
				CB315B642A09165800F7BB47 /* Home.gpx in Resources */,
				CB315B652A09165C00F7BB47 /* nhc.gpx in Resources */,
				5EF46B21273ECB330093EDC8 /* Assets.xcassets in Resources */,
			);
			runOnlyForDeploymentPostprocessing = 0;
		};
/* End PBXResourcesBuildPhase section */

/* Begin PBXSourcesBuildPhase section */
		5EF46B13273ECB320093EDC8 /* Sources */ = {
			isa = PBXSourcesBuildPhase;
			buildActionMask = 2147483647;
			files = (
				5EF46B1B273ECB320093EDC8 /* AppDelegate.swift in Sources */,
				5EF46B1D273ECB320093EDC8 /* SceneDelegate.swift in Sources */,
				5EF46B1F273ECB320093EDC8 /* ContentView.swift in Sources */,
			);
			runOnlyForDeploymentPostprocessing = 0;
		};
/* End PBXSourcesBuildPhase section */

/* Begin PBXVariantGroup section */
		5EF46B25273ECB330093EDC8 /* LaunchScreen.storyboard */ = {
			isa = PBXVariantGroup;
			children = (
				5EF46B26273ECB330093EDC8 /* Base */,
			);
			name = LaunchScreen.storyboard;
			sourceTree = "<group>";
		};
/* End PBXVariantGroup section */

/* Begin XCBuildConfiguration section */
		5EF46B29273ECB330093EDC8 /* Debug */ = {
			isa = XCBuildConfiguration;
			buildSettings = {
				ALWAYS_SEARCH_USER_PATHS = NO;
				CLANG_ANALYZER_NONNULL = YES;
				CLANG_ANALYZER_NUMBER_OBJECT_CONVERSION = YES_AGGRESSIVE;
				CLANG_CXX_LANGUAGE_STANDARD = "gnu++14";
				CLANG_CXX_LIBRARY = "libc++";
				CLANG_ENABLE_MODULES = YES;
				CLANG_ENABLE_OBJC_ARC = YES;
				CLANG_ENABLE_OBJC_WEAK = YES;
				CLANG_WARN_BLOCK_CAPTURE_AUTORELEASING = YES;
				CLANG_WARN_BOOL_CONVERSION = YES;
				CLANG_WARN_COMMA = YES;
				CLANG_WARN_CONSTANT_CONVERSION = YES;
				CLANG_WARN_DEPRECATED_OBJC_IMPLEMENTATIONS = YES;
				CLANG_WARN_DIRECT_OBJC_ISA_USAGE = YES_ERROR;
				CLANG_WARN_DOCUMENTATION_COMMENTS = YES;
				CLANG_WARN_EMPTY_BODY = YES;
				CLANG_WARN_ENUM_CONVERSION = YES;
				CLANG_WARN_INFINITE_RECURSION = YES;
				CLANG_WARN_INT_CONVERSION = YES;
				CLANG_WARN_NON_LITERAL_NULL_CONVERSION = YES;
				CLANG_WARN_OBJC_IMPLICIT_RETAIN_SELF = YES;
				CLANG_WARN_OBJC_LITERAL_CONVERSION = YES;
				CLANG_WARN_OBJC_ROOT_CLASS = YES_ERROR;
				CLANG_WARN_QUOTED_INCLUDE_IN_FRAMEWORK_HEADER = YES;
				CLANG_WARN_RANGE_LOOP_ANALYSIS = YES;
				CLANG_WARN_STRICT_PROTOTYPES = YES;
				CLANG_WARN_SUSPICIOUS_MOVE = YES;
				CLANG_WARN_UNGUARDED_AVAILABILITY = YES_AGGRESSIVE;
				CLANG_WARN_UNREACHABLE_CODE = YES;
				CLANG_WARN__DUPLICATE_METHOD_MATCH = YES;
				COPY_PHASE_STRIP = NO;
				DEBUG_INFORMATION_FORMAT = dwarf;
				ENABLE_STRICT_OBJC_MSGSEND = YES;
				ENABLE_TESTABILITY = YES;
				GCC_C_LANGUAGE_STANDARD = gnu11;
				GCC_DYNAMIC_NO_PIC = NO;
				GCC_NO_COMMON_BLOCKS = YES;
				GCC_OPTIMIZATION_LEVEL = 0;
				GCC_PREPROCESSOR_DEFINITIONS = (
					"DEBUG=1",
					"$(inherited)",
				);
				GCC_WARN_64_TO_32_BIT_CONVERSION = YES;
				GCC_WARN_ABOUT_RETURN_TYPE = YES_ERROR;
				GCC_WARN_UNDECLARED_SELECTOR = YES;
				GCC_WARN_UNINITIALIZED_AUTOS = YES_AGGRESSIVE;
				GCC_WARN_UNUSED_FUNCTION = YES;
				GCC_WARN_UNUSED_VARIABLE = YES;
				IPHONEOS_DEPLOYMENT_TARGET = 14.2;
				MTL_ENABLE_DEBUG_INFO = INCLUDE_SOURCE;
				MTL_FAST_MATH = YES;
				ONLY_ACTIVE_ARCH = YES;
				SDKROOT = iphoneos;
				SWIFT_ACTIVE_COMPILATION_CONDITIONS = DEBUG;
				SWIFT_OPTIMIZATION_LEVEL = "-Onone";
			};
			name = Debug;
		};
		5EF46B2A273ECB330093EDC8 /* Release */ = {
			isa = XCBuildConfiguration;
			buildSettings = {
				ALWAYS_SEARCH_USER_PATHS = NO;
				CLANG_ANALYZER_NONNULL = YES;
				CLANG_ANALYZER_NUMBER_OBJECT_CONVERSION = YES_AGGRESSIVE;
				CLANG_CXX_LANGUAGE_STANDARD = "gnu++14";
				CLANG_CXX_LIBRARY = "libc++";
				CLANG_ENABLE_MODULES = YES;
				CLANG_ENABLE_OBJC_ARC = YES;
				CLANG_ENABLE_OBJC_WEAK = YES;
				CLANG_WARN_BLOCK_CAPTURE_AUTORELEASING = YES;
				CLANG_WARN_BOOL_CONVERSION = YES;
				CLANG_WARN_COMMA = YES;
				CLANG_WARN_CONSTANT_CONVERSION = YES;
				CLANG_WARN_DEPRECATED_OBJC_IMPLEMENTATIONS = YES;
				CLANG_WARN_DIRECT_OBJC_ISA_USAGE = YES_ERROR;
				CLANG_WARN_DOCUMENTATION_COMMENTS = YES;
				CLANG_WARN_EMPTY_BODY = YES;
				CLANG_WARN_ENUM_CONVERSION = YES;
				CLANG_WARN_INFINITE_RECURSION = YES;
				CLANG_WARN_INT_CONVERSION = YES;
				CLANG_WARN_NON_LITERAL_NULL_CONVERSION = YES;
				CLANG_WARN_OBJC_IMPLICIT_RETAIN_SELF = YES;
				CLANG_WARN_OBJC_LITERAL_CONVERSION = YES;
				CLANG_WARN_OBJC_ROOT_CLASS = YES_ERROR;
				CLANG_WARN_QUOTED_INCLUDE_IN_FRAMEWORK_HEADER = YES;
				CLANG_WARN_RANGE_LOOP_ANALYSIS = YES;
				CLANG_WARN_STRICT_PROTOTYPES = YES;
				CLANG_WARN_SUSPICIOUS_MOVE = YES;
				CLANG_WARN_UNGUARDED_AVAILABILITY = YES_AGGRESSIVE;
				CLANG_WARN_UNREACHABLE_CODE = YES;
				CLANG_WARN__DUPLICATE_METHOD_MATCH = YES;
				COPY_PHASE_STRIP = NO;
				DEBUG_INFORMATION_FORMAT = "dwarf-with-dsym";
				ENABLE_NS_ASSERTIONS = NO;
				ENABLE_STRICT_OBJC_MSGSEND = YES;
				GCC_C_LANGUAGE_STANDARD = gnu11;
				GCC_NO_COMMON_BLOCKS = YES;
				GCC_WARN_64_TO_32_BIT_CONVERSION = YES;
				GCC_WARN_ABOUT_RETURN_TYPE = YES_ERROR;
				GCC_WARN_UNDECLARED_SELECTOR = YES;
				GCC_WARN_UNINITIALIZED_AUTOS = YES_AGGRESSIVE;
				GCC_WARN_UNUSED_FUNCTION = YES;
				GCC_WARN_UNUSED_VARIABLE = YES;
				IPHONEOS_DEPLOYMENT_TARGET = 14.2;
				MTL_ENABLE_DEBUG_INFO = NO;
				MTL_FAST_MATH = YES;
				SDKROOT = iphoneos;
				SWIFT_COMPILATION_MODE = wholemodule;
				SWIFT_OPTIMIZATION_LEVEL = "-O";
				VALIDATE_PRODUCT = YES;
			};
			name = Release;
		};
		5EF46B2C273ECB330093EDC8 /* Debug */ = {
			isa = XCBuildConfiguration;
			buildSettings = {
				ASSETCATALOG_COMPILER_APPICON_NAME = AppIcon;
				ASSETCATALOG_COMPILER_GLOBAL_ACCENT_COLOR_NAME = AccentColor;
				CODE_SIGN_IDENTITY = "Apple Development";
				"CODE_SIGN_IDENTITY[sdk=iphoneos*]" = "iPhone Developer";
				CODE_SIGN_STYLE = Manual;
				DEVELOPMENT_ASSET_PATHS = "\"RegoinMonitor/Preview Content\"";
				DEVELOPMENT_TEAM = "";
				"DEVELOPMENT_TEAM[sdk=iphoneos*]" = 4C738SKZ7D;
				ENABLE_PREVIEWS = YES;
				INFOPLIST_FILE = RegoinMonitor/Info.plist;
				LD_RUNPATH_SEARCH_PATHS = (
					"$(inherited)",
					"@executable_path/Frameworks",
				);
				PRODUCT_BUNDLE_IDENTIFIER = com.app.GeofenceDetect;
				PRODUCT_NAME = "$(TARGET_NAME)";
				PROVISIONING_PROFILE_SPECIFIER = "";
				"PROVISIONING_PROFILE_SPECIFIER[sdk=iphoneos*]" = com.app.GeofenceDetect;
				SWIFT_VERSION = 5.0;
				TARGETED_DEVICE_FAMILY = "1,2";
			};
			name = Debug;
		};
		5EF46B2D273ECB330093EDC8 /* Release */ = {
			isa = XCBuildConfiguration;
			buildSettings = {
				ASSETCATALOG_COMPILER_APPICON_NAME = AppIcon;
				ASSETCATALOG_COMPILER_GLOBAL_ACCENT_COLOR_NAME = AccentColor;
				CODE_SIGN_IDENTITY = "Apple Development";
				"CODE_SIGN_IDENTITY[sdk=iphoneos*]" = "iPhone Developer";
				CODE_SIGN_STYLE = Manual;
				DEVELOPMENT_ASSET_PATHS = "\"RegoinMonitor/Preview Content\"";
				DEVELOPMENT_TEAM = "";
				"DEVELOPMENT_TEAM[sdk=iphoneos*]" = 4C738SKZ7D;
				ENABLE_PREVIEWS = YES;
				INFOPLIST_FILE = RegoinMonitor/Info.plist;
				LD_RUNPATH_SEARCH_PATHS = (
					"$(inherited)",
					"@executable_path/Frameworks",
				);
				PRODUCT_BUNDLE_IDENTIFIER = com.app.GeofenceDetect;
				PRODUCT_NAME = "$(TARGET_NAME)";
				PROVISIONING_PROFILE_SPECIFIER = "";
				"PROVISIONING_PROFILE_SPECIFIER[sdk=iphoneos*]" = com.app.GeofenceDetect;
				SWIFT_VERSION = 5.0;
				TARGETED_DEVICE_FAMILY = "1,2";
			};
			name = Release;
		};
/* End XCBuildConfiguration section */

/* Begin XCConfigurationList section */
		5EF46B12273ECB320093EDC8 /* Build configuration list for PBXProject "RegoinMonitor" */ = {
			isa = XCConfigurationList;
			buildConfigurations = (
				5EF46B29273ECB330093EDC8 /* Debug */,
				5EF46B2A273ECB330093EDC8 /* Release */,
			);
			defaultConfigurationIsVisible = 0;
			defaultConfigurationName = Release;
		};
		5EF46B2B273ECB330093EDC8 /* Build configuration list for PBXNativeTarget "RegoinMonitor" */ = {
			isa = XCConfigurationList;
			buildConfigurations = (
				5EF46B2C273ECB330093EDC8 /* Debug */,
				5EF46B2D273ECB330093EDC8 /* Release */,
			);
			defaultConfigurationIsVisible = 0;
			defaultConfigurationName = Release;
		};
/* End XCConfigurationList section */
	};
	rootObject = 5EF46B0F273ECB320093EDC8 /* Project object */;
}
